
Microsoft Visual Studio Solution File, Format Version 12.00
# Visual Studio 15
VisualStudioVersion = 15.0.27703.2042
MinimumVisualStudioVersion = 10.0.40219.1
Project("{FAE04EC0-301F-11D3-BF4B-00C04F79EFBC}") = "A9", "A9\A9.csproj", "{5AC37094-8B4C-4873-AA50-3D98F4EBD293}"
EndProject
Project("{FAE04EC0-301F-11D3-BF4B-00C04F79EFBC}") = "A9Tests", "A9Tests\A9Tests.csproj", "{1D70A751-A90F-4EA8-B588-8880A8332FFA}"
EndProject
Project("{FAE04EC0-301F-11D3-BF4B-00C04F79EFBC}") = "TestCommon", "..\Common\TestCommon\TestCommon.csproj", "{C39FF0C4-6960-42AD-8E2C-D2CAFE850A52}"
EndProject
Global
	GlobalSection(SolutionConfigurationPlatforms) = preSolution
		Debug|Any CPU = Debug|Any CPU
		Release|Any CPU = Release|Any CPU
	EndGlobalSection
	GlobalSection(ProjectConfigurationPlatforms) = postSolution
		{5AC37094-8B4C-4873-AA50-3D98F4EBD293}.Debug|Any CPU.ActiveCfg = Debug|Any CPU
		{5AC37094-8B4C-4873-AA50-3D98F4EBD293}.Debug|Any CPU.Build.0 = Debug|Any CPU
		{5AC37094-8B4C-4873-AA50-3D98F4EBD293}.Release|Any CPU.ActiveCfg = Release|Any CPU
		{5AC37094-8B4C-4873-AA50-3D98F4EBD293}.Release|Any CPU.Build.0 = Release|Any CPU
		{1D70A751-A90F-4EA8-B588-8880A8332FFA}.Debug|Any CPU.ActiveCfg = Debug|Any CPU
		{1D70A751-A90F-4EA8-B588-8880A8332FFA}.Debug|Any CPU.Build.0 = Debug|Any CPU
		{1D70A751-A90F-4EA8-B588-8880A8332FFA}.Release|Any CPU.ActiveCfg = Release|Any CPU
		{1D70A751-A90F-4EA8-B588-8880A8332FFA}.Release|Any CPU.Build.0 = Release|Any CPU
		{C39FF0C4-6960-42AD-8E2C-D2CAFE850A52}.Debug|Any CPU.ActiveCfg = Debug|Any CPU
		{C39FF0C4-6960-42AD-8E2C-D2CAFE850A52}.Debug|Any CPU.Build.0 = Debug|Any CPU
		{C39FF0C4-6960-42AD-8E2C-D2CAFE850A52}.Release|Any CPU.ActiveCfg = Release|Any CPU
		{C39FF0C4-6960-42AD-8E2C-D2CAFE850A52}.Release|Any CPU.Build.0 = Release|Any CPU
	EndGlobalSection
	GlobalSection(SolutionProperties) = preSolution
		HideSolutionNode = FALSE
	EndGlobalSection
	GlobalSection(ExtensibilityGlobals) = postSolution
		SolutionGuid = {A5204AB4-2178-42BD-86A6-32BDBEE5F8C4}
	EndGlobalSection
EndGlobal
