
Microsoft Visual Studio Solution File, Format Version 12.00
# Visual Studio 15
VisualStudioVersion = 15.0.27703.2042
MinimumVisualStudioVersion = 10.0.40219.1
Project("{FAE04EC0-301F-11D3-BF4B-00C04F79EFBC}") = "A12", "A12\A12.csproj", "{E2DE9716-3C2C-4E71-9994-A20C8FD5CA6F}"
EndProject
Project("{FAE04EC0-301F-11D3-BF4B-00C04F79EFBC}") = "TestCommon", "..\Common\TestCommon\TestCommon.csproj", "{C39FF0C4-6960-42AD-8E2C-D2CAFE850A52}"
EndProject
Project("{FAE04EC0-301F-11D3-BF4B-00C04F79EFBC}") = "A12Tests", "A12Tests\A12Tests.csproj", "{09DEF4B6-8B4F-475E-A060-059BA9747B67}"
EndProject
Global
	GlobalSection(SolutionConfigurationPlatforms) = preSolution
		Debug|Any CPU = Debug|Any CPU
		Release|Any CPU = Release|Any CPU
	EndGlobalSection
	GlobalSection(ProjectConfigurationPlatforms) = postSolution
		{E2DE9716-3C2C-4E71-9994-A20C8FD5CA6F}.Debug|Any CPU.ActiveCfg = Debug|Any CPU
		{E2DE9716-3C2C-4E71-9994-A20C8FD5CA6F}.Debug|Any CPU.Build.0 = Debug|Any CPU
		{E2DE9716-3C2C-4E71-9994-A20C8FD5CA6F}.Release|Any CPU.ActiveCfg = Release|Any CPU
		{E2DE9716-3C2C-4E71-9994-A20C8FD5CA6F}.Release|Any CPU.Build.0 = Release|Any CPU
		{C39FF0C4-6960-42AD-8E2C-D2CAFE850A52}.Debug|Any CPU.ActiveCfg = Debug|Any CPU
		{C39FF0C4-6960-42AD-8E2C-D2CAFE850A52}.Debug|Any CPU.Build.0 = Debug|Any CPU
		{C39FF0C4-6960-42AD-8E2C-D2CAFE850A52}.Release|Any CPU.ActiveCfg = Release|Any CPU
		{C39FF0C4-6960-42AD-8E2C-D2CAFE850A52}.Release|Any CPU.Build.0 = Release|Any CPU
		{09DEF4B6-8B4F-475E-A060-059BA9747B67}.Debug|Any CPU.ActiveCfg = Debug|Any CPU
		{09DEF4B6-8B4F-475E-A060-059BA9747B67}.Debug|Any CPU.Build.0 = Debug|Any CPU
		{09DEF4B6-8B4F-475E-A060-059BA9747B67}.Release|Any CPU.ActiveCfg = Release|Any CPU
		{09DEF4B6-8B4F-475E-A060-059BA9747B67}.Release|Any CPU.Build.0 = Release|Any CPU
	EndGlobalSection
	GlobalSection(SolutionProperties) = preSolution
		HideSolutionNode = FALSE
	EndGlobalSection
	GlobalSection(ExtensibilityGlobals) = postSolution
		SolutionGuid = {5DAA1979-BF18-4AC1-BCB8-6F47D61BFF48}
	EndGlobalSection
EndGlobal
