
Microsoft Visual Studio Solution File, Format Version 12.00
# Visual Studio 15
VisualStudioVersion = 15.0.27703.2042
MinimumVisualStudioVersion = 10.0.40219.1
Project("{FAE04EC0-301F-11D3-BF4B-00C04F79EFBC}") = "A8", "A8\A8.csproj", "{E50C286B-4DBF-47F7-9725-B4BD640F22C7}"
EndProject
Project("{FAE04EC0-301F-11D3-BF4B-00C04F79EFBC}") = "A8Tests", "A8Tests\A8Tests.csproj", "{57EDDD17-F67A-406A-9A24-592B6CD74DB8}"
EndProject
Project("{FAE04EC0-301F-11D3-BF4B-00C04F79EFBC}") = "TestCommon", "..\Common\TestCommon\TestCommon.csproj", "{C39FF0C4-6960-42AD-8E2C-D2CAFE850A52}"
EndProject
Global
	GlobalSection(SolutionConfigurationPlatforms) = preSolution
		Debug|Any CPU = Debug|Any CPU
		Release|Any CPU = Release|Any CPU
	EndGlobalSection
	GlobalSection(ProjectConfigurationPlatforms) = postSolution
		{E50C286B-4DBF-47F7-9725-B4BD640F22C7}.Debug|Any CPU.ActiveCfg = Debug|Any CPU
		{E50C286B-4DBF-47F7-9725-B4BD640F22C7}.Debug|Any CPU.Build.0 = Debug|Any CPU
		{E50C286B-4DBF-47F7-9725-B4BD640F22C7}.Release|Any CPU.ActiveCfg = Release|Any CPU
		{E50C286B-4DBF-47F7-9725-B4BD640F22C7}.Release|Any CPU.Build.0 = Release|Any CPU
		{57EDDD17-F67A-406A-9A24-592B6CD74DB8}.Debug|Any CPU.ActiveCfg = Debug|Any CPU
		{57EDDD17-F67A-406A-9A24-592B6CD74DB8}.Debug|Any CPU.Build.0 = Debug|Any CPU
		{57EDDD17-F67A-406A-9A24-592B6CD74DB8}.Release|Any CPU.ActiveCfg = Release|Any CPU
		{57EDDD17-F67A-406A-9A24-592B6CD74DB8}.Release|Any CPU.Build.0 = Release|Any CPU
		{C39FF0C4-6960-42AD-8E2C-D2CAFE850A52}.Debug|Any CPU.ActiveCfg = Debug|Any CPU
		{C39FF0C4-6960-42AD-8E2C-D2CAFE850A52}.Debug|Any CPU.Build.0 = Debug|Any CPU
		{C39FF0C4-6960-42AD-8E2C-D2CAFE850A52}.Release|Any CPU.ActiveCfg = Release|Any CPU
		{C39FF0C4-6960-42AD-8E2C-D2CAFE850A52}.Release|Any CPU.Build.0 = Release|Any CPU
	EndGlobalSection
	GlobalSection(SolutionProperties) = preSolution
		HideSolutionNode = FALSE
	EndGlobalSection
	GlobalSection(ExtensibilityGlobals) = postSolution
		SolutionGuid = {38682716-4D1A-469D-8DE7-A0CB60DE3A95}
	EndGlobalSection
EndGlobal
